
Microsoft Visual Studio Solution File, Format Version 12.00
# Visual Studio Version 16
VisualStudioVersion = 16.0.30804.86
MinimumVisualStudioVersion = 10.0.40219.1
Project("{9A19103F-16F7-4668-BE54-9A1E7A4F7556}") = "KampInfo", "KampInfo\KampInfo.csproj", "{A3C71C7A-5E9B-40FF-BF0B-B0CE99E7F449}"
EndProject
Project("{9A19103F-16F7-4668-BE54-9A1E7A4F7556}") = "Donguler", "Donguler\Donguler.csproj", "{F4A7A9E2-7D28-48EB-BB11-1DA3F69A140C}"
EndProject
Project("{9A19103F-16F7-4668-BE54-9A1E7A4F7556}") = "ClassIntro", "ClassIntro\ClassIntro.csproj", "{FF8C8999-502C-4412-9FAF-9CBA6A58D300}"
EndProject
Project("{9A19103F-16F7-4668-BE54-9A1E7A4F7556}") = "Metotlar", "Metotlar\Metotlar.csproj", "{2EF3BDDC-3BED-4F73-B53C-CA87FBDD1BF8}"
EndProject
Project("{9A19103F-16F7-4668-BE54-9A1E7A4F7556}") = "Matematik", "Matematik\Matematik.csproj", "{B25485CE-2605-48D4-AC22-EC4AF78D823C}"
EndProject
Project("{FAE04EC0-301F-11D3-BF4B-00C04F79EFBC}") = "DegerVeReferansTipler", "DegerVeReferansTipler\DegerVeReferansTipler.csproj", "{85C01043-EA45-4128-977E-85AAA4D1AA1E}"
EndProject
Global
	GlobalSection(SolutionConfigurationPlatforms) = preSolution
		Debug|Any CPU = Debug|Any CPU
		Release|Any CPU = Release|Any CPU
	EndGlobalSection
	GlobalSection(ProjectConfigurationPlatforms) = postSolution
		{A3C71C7A-5E9B-40FF-BF0B-B0CE99E7F449}.Debug|Any CPU.ActiveCfg = Debug|Any CPU
		{A3C71C7A-5E9B-40FF-BF0B-B0CE99E7F449}.Debug|Any CPU.Build.0 = Debug|Any CPU
		{A3C71C7A-5E9B-40FF-BF0B-B0CE99E7F449}.Release|Any CPU.ActiveCfg = Release|Any CPU
		{A3C71C7A-5E9B-40FF-BF0B-B0CE99E7F449}.Release|Any CPU.Build.0 = Release|Any CPU
		{F4A7A9E2-7D28-48EB-BB11-1DA3F69A140C}.Debug|Any CPU.ActiveCfg = Debug|Any CPU
		{F4A7A9E2-7D28-48EB-BB11-1DA3F69A140C}.Debug|Any CPU.Build.0 = Debug|Any CPU
		{F4A7A9E2-7D28-48EB-BB11-1DA3F69A140C}.Release|Any CPU.ActiveCfg = Release|Any CPU
		{F4A7A9E2-7D28-48EB-BB11-1DA3F69A140C}.Release|Any CPU.Build.0 = Release|Any CPU
		{FF8C8999-502C-4412-9FAF-9CBA6A58D300}.Debug|Any CPU.ActiveCfg = Debug|Any CPU
		{FF8C8999-502C-4412-9FAF-9CBA6A58D300}.Debug|Any CPU.Build.0 = Debug|Any CPU
		{FF8C8999-502C-4412-9FAF-9CBA6A58D300}.Release|Any CPU.ActiveCfg = Release|Any CPU
		{FF8C8999-502C-4412-9FAF-9CBA6A58D300}.Release|Any CPU.Build.0 = Release|Any CPU
		{2EF3BDDC-3BED-4F73-B53C-CA87FBDD1BF8}.Debug|Any CPU.ActiveCfg = Debug|Any CPU
		{2EF3BDDC-3BED-4F73-B53C-CA87FBDD1BF8}.Debug|Any CPU.Build.0 = Debug|Any CPU
		{2EF3BDDC-3BED-4F73-B53C-CA87FBDD1BF8}.Release|Any CPU.ActiveCfg = Release|Any CPU
		{2EF3BDDC-3BED-4F73-B53C-CA87FBDD1BF8}.Release|Any CPU.Build.0 = Release|Any CPU
		{B25485CE-2605-48D4-AC22-EC4AF78D823C}.Debug|Any CPU.ActiveCfg = Debug|Any CPU
		{B25485CE-2605-48D4-AC22-EC4AF78D823C}.Debug|Any CPU.Build.0 = Debug|Any CPU
		{B25485CE-2605-48D4-AC22-EC4AF78D823C}.Release|Any CPU.ActiveCfg = Release|Any CPU
		{B25485CE-2605-48D4-AC22-EC4AF78D823C}.Release|Any CPU.Build.0 = Release|Any CPU
		{85C01043-EA45-4128-977E-85AAA4D1AA1E}.Debug|Any CPU.ActiveCfg = Debug|Any CPU
		{85C01043-EA45-4128-977E-85AAA4D1AA1E}.Debug|Any CPU.Build.0 = Debug|Any CPU
		{85C01043-EA45-4128-977E-85AAA4D1AA1E}.Release|Any CPU.ActiveCfg = Release|Any CPU
		{85C01043-EA45-4128-977E-85AAA4D1AA1E}.Release|Any CPU.Build.0 = Release|Any CPU
	EndGlobalSection
	GlobalSection(SolutionProperties) = preSolution
		HideSolutionNode = FALSE
	EndGlobalSection
	GlobalSection(ExtensibilityGlobals) = postSolution
		SolutionGuid = {680E6ECD-C6F0-4BA0-AA6B-0943F583D838}
	EndGlobalSection
EndGlobal
